
Microsoft Visual Studio Solution File, Format Version 12.00
# Visual Studio Version 17
VisualStudioVersion = 17.5.33516.290
MinimumVisualStudioVersion = 10.0.40219.1
Project("{FAE04EC0-301F-11D3-BF4B-00C04F79EFBC}") = "POC Firebase", "POC Firebase\POC Firebase.csproj", "{EB59E881-90A4-4D63-A4F1-429CE9C01D40}"
EndProject
Global
	GlobalSection(SolutionConfigurationPlatforms) = preSolution
		Debug|Any CPU = Debug|Any CPU
		Release|Any CPU = Release|Any CPU
	EndGlobalSection
	GlobalSection(ProjectConfigurationPlatforms) = postSolution
		{EB59E881-90A4-4D63-A4F1-429CE9C01D40}.Debug|Any CPU.ActiveCfg = Debug|Any CPU
		{EB59E881-90A4-4D63-A4F1-429CE9C01D40}.Debug|Any CPU.Build.0 = Debug|Any CPU
		{EB59E881-90A4-4D63-A4F1-429CE9C01D40}.Release|Any CPU.ActiveCfg = Release|Any CPU
		{EB59E881-90A4-4D63-A4F1-429CE9C01D40}.Release|Any CPU.Build.0 = Release|Any CPU
	EndGlobalSection
	GlobalSection(SolutionProperties) = preSolution
		HideSolutionNode = FALSE
	EndGlobalSection
	GlobalSection(ExtensibilityGlobals) = postSolution
		SolutionGuid = {2E4D9804-F559-4689-8544-C912F05AC220}
	EndGlobalSection
EndGlobal
